// !$*UTF8*$!
{
	archiveVersion = 1;
	classes = {
	};
	objectVersion = 77;
	objects = {

/* Begin PBXBuildFile section */
		0D76D166405091E8B20CCDC9 /* Assets.xcassets in Resources */ = {isa = PBXBuildFile; fileRef = D461AA14D56C1C8533897201 /* Assets.xcassets */; };
		5D425DF9CD490322B2D0A92E /* RecoPOCHostApp.swift in Sources */ = {isa = PBXBuildFile; fileRef = 845E040F092F1A7012E01094 /* RecoPOCHostApp.swift */; };
		CFBD16BD8E83F7A8EC3A7CCB /* RecoPOC in Frameworks */ = {isa = PBXBuildFile; productRef = 991780EA4ECB6932FB49E301 /* RecoPOC */; };
		F500EF1E918E3F87E67095E6 /* HostConfiguration.swift in Sources */ = {isa = PBXBuildFile; fileRef = F2B5C442C58E0948FD9AC0DE /* HostConfiguration.swift */; };
/* End PBXBuildFile section */

/* Begin PBXFileReference section */
		845E040F092F1A7012E01094 /* RecoPOCHostApp.swift */ = {isa = PBXFileReference; lastKnownFileType = sourcecode.swift; path = RecoPOCHostApp.swift; sourceTree = "<group>"; };
		D461AA14D56C1C8533897201 /* Assets.xcassets */ = {isa = PBXFileReference; lastKnownFileType = folder.assetcatalog; path = Assets.xcassets; sourceTree = "<group>"; };
		E483C8A520E92F5A34A4C7BA /* RecoPOCHost.app */ = {isa = PBXFileReference; includeInIndex = 0; lastKnownFileType = wrapper.application; path = RecoPOCHost.app; sourceTree = BUILT_PRODUCTS_DIR; };
		E5A8B0D66A60D8BC87C21C09 /* RecoPOC */ = {isa = PBXFileReference; lastKnownFileType = folder; name = RecoPOC; path = .; sourceTree = SOURCE_ROOT; };
		F2B5C442C58E0948FD9AC0DE /* HostConfiguration.swift */ = {isa = PBXFileReference; lastKnownFileType = sourcecode.swift; path = HostConfiguration.swift; sourceTree = "<group>"; };
/* End PBXFileReference section */

/* Begin PBXFrameworksBuildPhase section */
		7BCC7ABFD28FB2377D722C0C /* Frameworks */ = {
			isa = PBXFrameworksBuildPhase;
			buildActionMask = 2147483647;
			files = (
				CFBD16BD8E83F7A8EC3A7CCB /* RecoPOC in Frameworks */,
			);
			runOnlyForDeploymentPostprocessing = 0;
		};
/* End PBXFrameworksBuildPhase section */

/* Begin PBXGroup section */
		2E57EAE8BBE1C3CDBE50937B = {
			isa = PBXGroup;
			children = (
				7AC0068D06274A8E364AC8BF /* Packages */,
				56B2CDF9E4D6A35B41E29963 /* RecoPOCHost */,
				719AF6C0F9F9CE66CAD2338E /* Products */,
			);
			sourceTree = "<group>";
		};
		56B2CDF9E4D6A35B41E29963 /* RecoPOCHost */ = {
			isa = PBXGroup;
			children = (
				F2B5C442C58E0948FD9AC0DE /* HostConfiguration.swift */,
				845E040F092F1A7012E01094 /* RecoPOCHostApp.swift */,
				5AFDEE42D3A99CEB7971C739 /* Resources */,
			);
			name = RecoPOCHost;
			path = Host/RecoPOCHost;
			sourceTree = "<group>";
		};
		5AFDEE42D3A99CEB7971C739 /* Resources */ = {
			isa = PBXGroup;
			children = (
				D461AA14D56C1C8533897201 /* Assets.xcassets */,
			);
			path = Resources;
			sourceTree = "<group>";
		};
		719AF6C0F9F9CE66CAD2338E /* Products */ = {
			isa = PBXGroup;
			children = (
				E483C8A520E92F5A34A4C7BA /* RecoPOCHost.app */,
			);
			name = Products;
			sourceTree = "<group>";
		};
		7AC0068D06274A8E364AC8BF /* Packages */ = {
			isa = PBXGroup;
			children = (
				E5A8B0D66A60D8BC87C21C09 /* RecoPOC */,
			);
			name = Packages;
			sourceTree = "<group>";
		};
/* End PBXGroup section */

/* Begin PBXNativeTarget section */
		64D4AC6B0A366C714998BAB9 /* RecoPOCHost */ = {
			isa = PBXNativeTarget;
			buildConfigurationList = 9E6D8ECD566BA8FE15DC91AA /* Build configuration list for PBXNativeTarget "RecoPOCHost" */;
			buildPhases = (
				8DC49B4810A901451CECF071 /* Sources */,
				B936362172A6E462DCAC1FE0 /* Resources */,
				7BCC7ABFD28FB2377D722C0C /* Frameworks */,
			);
			buildRules = (
			);
			dependencies = (
			);
			name = RecoPOCHost;
			packageProductDependencies = (
				991780EA4ECB6932FB49E301 /* RecoPOC */,
			);
			productName = RecoPOCHost;
			productReference = E483C8A520E92F5A34A4C7BA /* RecoPOCHost.app */;
			productType = "com.apple.product-type.application";
		};
/* End PBXNativeTarget section */

/* Begin PBXProject section */
		46F249095300FB3A7C7EEA22 /* Project object */ = {
			isa = PBXProject;
			attributes = {
				BuildIndependentTargetsInParallel = YES;
				LastUpgradeCheck = 1430;
				TargetAttributes = {
					64D4AC6B0A366C714998BAB9 = {
						DevelopmentTeam = BYRP6L2B45;
						ProvisioningStyle = Automatic;
					};
				};
			};
			buildConfigurationList = 1BD9D4DB55A418866DD4ECD9 /* Build configuration list for PBXProject "RecoPOC" */;
			developmentRegion = en;
			hasScannedForEncodings = 0;
			knownRegions = (
				Base,
				en,
			);
			mainGroup = 2E57EAE8BBE1C3CDBE50937B;
			minimizedProjectReferenceProxies = 1;
			packageReferences = (
				B72115F99126D7CD98ABDA92 /* XCLocalSwiftPackageReference "." */,
			);
			preferredProjectObjectVersion = 77;
			projectDirPath = "";
			projectRoot = "";
			targets = (
				64D4AC6B0A366C714998BAB9 /* RecoPOCHost */,
			);
		};
/* End PBXProject section */

/* Begin PBXResourcesBuildPhase section */
		B936362172A6E462DCAC1FE0 /* Resources */ = {
			isa = PBXResourcesBuildPhase;
			buildActionMask = 2147483647;
			files = (
				0D76D166405091E8B20CCDC9 /* Assets.xcassets in Resources */,
			);
			runOnlyForDeploymentPostprocessing = 0;
		};
/* End PBXResourcesBuildPhase section */

/* Begin PBXSourcesBuildPhase section */
		8DC49B4810A901451CECF071 /* Sources */ = {
			isa = PBXSourcesBuildPhase;
			buildActionMask = 2147483647;
			files = (
				F500EF1E918E3F87E67095E6 /* HostConfiguration.swift in Sources */,
				5D425DF9CD490322B2D0A92E /* RecoPOCHostApp.swift in Sources */,
			);
			runOnlyForDeploymentPostprocessing = 0;
		};
/* End PBXSourcesBuildPhase section */

/* Begin XCBuildConfiguration section */
		5608625BCA313DB11A9DAEFE /* Release */ = {
			isa = XCBuildConfiguration;
			buildSettings = {
				ASSETCATALOG_COMPILER_APPICON_NAME = AppIcon;
				CODE_SIGN_ENTITLEMENTS = RecoPOCHost.entitlements;
				CODE_SIGN_IDENTITY = "iPhone Developer";
				CODE_SIGN_STYLE = Automatic;
				DEVELOPMENT_TEAM = BYRP6L2B45;
				GENERATE_INFOPLIST_FILE = NO;
				INFOPLIST_FILE = Host/RecoPOCHost/Resources/Info.plist;
				IPHONEOS_DEPLOYMENT_TARGET = 17.0;
				LD_RUNPATH_SEARCH_PATHS = (
					"$(inherited)",
					"@executable_path/Frameworks",
				);
				PRODUCT_BUNDLE_IDENTIFIER = com.recopoc.host;
				RECO_BACKEND_BASE_URL = "http://66.245.216.223:8000";
				SDKROOT = iphoneos;
				TARGETED_DEVICE_FAMILY = "1,2";
			};
			name = Release;
		};
		563AF33D0DA0E9AA0F950EDA /* Debug */ = {
			isa = XCBuildConfiguration;
			buildSettings = {
				ASSETCATALOG_COMPILER_APPICON_NAME = AppIcon;
				CODE_SIGN_ENTITLEMENTS = RecoPOCHost.entitlements;
				CODE_SIGN_IDENTITY = "iPhone Developer";
				CODE_SIGN_STYLE = Automatic;
				DEVELOPMENT_TEAM = BYRP6L2B45;
				GENERATE_INFOPLIST_FILE = NO;
				INFOPLIST_FILE = Host/RecoPOCHost/Resources/Info.plist;
				IPHONEOS_DEPLOYMENT_TARGET = 17.0;
				LD_RUNPATH_SEARCH_PATHS = (
					"$(inherited)",
					"@executable_path/Frameworks",
				);
				PRODUCT_BUNDLE_IDENTIFIER = com.recopoc.host;
				RECO_BACKEND_BASE_URL = "http://66.245.216.223:8000";
				SDKROOT = iphoneos;
				TARGETED_DEVICE_FAMILY = "1,2";
			};
			name = Debug;
		};
		A07FAE6E7C5271804284E847 /* Debug */ = {
			isa = XCBuildConfiguration;
			buildSettings = {
				ALWAYS_SEARCH_USER_PATHS = NO;
				CLANG_ANALYZER_NONNULL = YES;
				CLANG_ANALYZER_NUMBER_OBJECT_CONVERSION = YES_AGGRESSIVE;
				CLANG_CXX_LANGUAGE_STANDARD = "gnu++14";
				CLANG_CXX_LIBRARY = "libc++";
				CLANG_ENABLE_MODULES = YES;
				CLANG_ENABLE_OBJC_ARC = YES;
				CLANG_ENABLE_OBJC_WEAK = YES;
				CLANG_WARN_BLOCK_CAPTURE_AUTORELEASING = YES;
				CLANG_WARN_BOOL_CONVERSION = YES;
				CLANG_WARN_COMMA = YES;
				CLANG_WARN_CONSTANT_CONVERSION = YES;
				CLANG_WARN_DEPRECATED_OBJC_IMPLEMENTATIONS = YES;
				CLANG_WARN_DIRECT_OBJC_ISA_USAGE = YES_ERROR;
				CLANG_WARN_DOCUMENTATION_COMMENTS = YES;
				CLANG_WARN_EMPTY_BODY = YES;
				CLANG_WARN_ENUM_CONVERSION = YES;
				CLANG_WARN_INFINITE_RECURSION = YES;
				CLANG_WARN_INT_CONVERSION = YES;
				CLANG_WARN_NON_LITERAL_NULL_CONVERSION = YES;
				CLANG_WARN_OBJC_IMPLICIT_RETAIN_SELF = YES;
				CLANG_WARN_OBJC_LITERAL_CONVERSION = YES;
				CLANG_WARN_OBJC_ROOT_CLASS = YES_ERROR;
				CLANG_WARN_QUOTED_INCLUDE_IN_FRAMEWORK_HEADER = YES;
				CLANG_WARN_RANGE_LOOP_ANALYSIS = YES;
				CLANG_WARN_STRICT_PROTOTYPES = YES;
				CLANG_WARN_SUSPICIOUS_MOVE = YES;
				CLANG_WARN_UNGUARDED_AVAILABILITY = YES_AGGRESSIVE;
				CLANG_WARN_UNREACHABLE_CODE = YES;
				CLANG_WARN__DUPLICATE_METHOD_MATCH = YES;
				COPY_PHASE_STRIP = NO;
				DEBUG_INFORMATION_FORMAT = dwarf;
				ENABLE_STRICT_OBJC_MSGSEND = YES;
				ENABLE_TESTABILITY = YES;
				GCC_C_LANGUAGE_STANDARD = gnu11;
				GCC_DYNAMIC_NO_PIC = NO;
				GCC_NO_COMMON_BLOCKS = YES;
				GCC_OPTIMIZATION_LEVEL = 0;
				GCC_PREPROCESSOR_DEFINITIONS = (
					"$(inherited)",
					"DEBUG=1",
				);
				GCC_WARN_64_TO_32_BIT_CONVERSION = YES;
				GCC_WARN_ABOUT_RETURN_TYPE = YES_ERROR;
				GCC_WARN_UNDECLARED_SELECTOR = YES;
				GCC_WARN_UNINITIALIZED_AUTOS = YES_AGGRESSIVE;
				GCC_WARN_UNUSED_FUNCTION = YES;
				GCC_WARN_UNUSED_VARIABLE = YES;
				IPHONEOS_DEPLOYMENT_TARGET = 17.0;
				MTL_ENABLE_DEBUG_INFO = INCLUDE_SOURCE;
				MTL_FAST_MATH = YES;
				ONLY_ACTIVE_ARCH = YES;
				PRODUCT_NAME = "$(TARGET_NAME)";
				SDKROOT = iphoneos;
				SWIFT_ACTIVE_COMPILATION_CONDITIONS = DEBUG;
				SWIFT_OPTIMIZATION_LEVEL = "-Onone";
				SWIFT_VERSION = 6.0;
			};
			name = Debug;
		};
		CE502814F225F06ED2D8F609 /* Release */ = {
			isa = XCBuildConfiguration;
			buildSettings = {
				ALWAYS_SEARCH_USER_PATHS = NO;
				CLANG_ANALYZER_NONNULL = YES;
				CLANG_ANALYZER_NUMBER_OBJECT_CONVERSION = YES_AGGRESSIVE;
				CLANG_CXX_LANGUAGE_STANDARD = "gnu++14";
				CLANG_CXX_LIBRARY = "libc++";
				CLANG_ENABLE_MODULES = YES;
				CLANG_ENABLE_OBJC_ARC = YES;
				CLANG_ENABLE_OBJC_WEAK = YES;
				CLANG_WARN_BLOCK_CAPTURE_AUTORELEASING = YES;
				CLANG_WARN_BOOL_CONVERSION = YES;
				CLANG_WARN_COMMA = YES;
				CLANG_WARN_CONSTANT_CONVERSION = YES;
				CLANG_WARN_DEPRECATED_OBJC_IMPLEMENTATIONS = YES;
				CLANG_WARN_DIRECT_OBJC_ISA_USAGE = YES_ERROR;
				CLANG_WARN_DOCUMENTATION_COMMENTS = YES;
				CLANG_WARN_EMPTY_BODY = YES;
				CLANG_WARN_ENUM_CONVERSION = YES;
				CLANG_WARN_INFINITE_RECURSION = YES;
				CLANG_WARN_INT_CONVERSION = YES;
				CLANG_WARN_NON_LITERAL_NULL_CONVERSION = YES;
				CLANG_WARN_OBJC_IMPLICIT_RETAIN_SELF = YES;
				CLANG_WARN_OBJC_LITERAL_CONVERSION = YES;
				CLANG_WARN_OBJC_ROOT_CLASS = YES_ERROR;
				CLANG_WARN_QUOTED_INCLUDE_IN_FRAMEWORK_HEADER = YES;
				CLANG_WARN_RANGE_LOOP_ANALYSIS = YES;
				CLANG_WARN_STRICT_PROTOTYPES = YES;
				CLANG_WARN_SUSPICIOUS_MOVE = YES;
				CLANG_WARN_UNGUARDED_AVAILABILITY = YES_AGGRESSIVE;
				CLANG_WARN_UNREACHABLE_CODE = YES;
				CLANG_WARN__DUPLICATE_METHOD_MATCH = YES;
				COPY_PHASE_STRIP = NO;
				DEBUG_INFORMATION_FORMAT = "dwarf-with-dsym";
				ENABLE_NS_ASSERTIONS = NO;
				ENABLE_STRICT_OBJC_MSGSEND = YES;
				GCC_C_LANGUAGE_STANDARD = gnu11;
				GCC_NO_COMMON_BLOCKS = YES;
				GCC_WARN_64_TO_32_BIT_CONVERSION = YES;
				GCC_WARN_ABOUT_RETURN_TYPE = YES_ERROR;
				GCC_WARN_UNDECLARED_SELECTOR = YES;
				GCC_WARN_UNINITIALIZED_AUTOS = YES_AGGRESSIVE;
				GCC_WARN_UNUSED_FUNCTION = YES;
				GCC_WARN_UNUSED_VARIABLE = YES;
				IPHONEOS_DEPLOYMENT_TARGET = 17.0;
				MTL_ENABLE_DEBUG_INFO = NO;
				MTL_FAST_MATH = YES;
				PRODUCT_NAME = "$(TARGET_NAME)";
				SDKROOT = iphoneos;
				SWIFT_COMPILATION_MODE = wholemodule;
				SWIFT_OPTIMIZATION_LEVEL = "-O";
				SWIFT_VERSION = 6.0;
			};
			name = Release;
		};
/* End XCBuildConfiguration section */

/* Begin XCConfigurationList section */
		1BD9D4DB55A418866DD4ECD9 /* Build configuration list for PBXProject "RecoPOC" */ = {
			isa = XCConfigurationList;
			buildConfigurations = (
				A07FAE6E7C5271804284E847 /* Debug */,
				CE502814F225F06ED2D8F609 /* Release */,
			);
			defaultConfigurationIsVisible = 0;
			defaultConfigurationName = Debug;
		};
		9E6D8ECD566BA8FE15DC91AA /* Build configuration list for PBXNativeTarget "RecoPOCHost" */ = {
			isa = XCConfigurationList;
			buildConfigurations = (
				563AF33D0DA0E9AA0F950EDA /* Debug */,
				5608625BCA313DB11A9DAEFE /* Release */,
			);
			defaultConfigurationIsVisible = 0;
			defaultConfigurationName = Debug;
		};
/* End XCConfigurationList section */

/* Begin XCLocalSwiftPackageReference section */
		B72115F99126D7CD98ABDA92 /* XCLocalSwiftPackageReference "." */ = {
			isa = XCLocalSwiftPackageReference;
			relativePath = .;
		};
/* End XCLocalSwiftPackageReference section */

/* Begin XCSwiftPackageProductDependency section */
		991780EA4ECB6932FB49E301 /* RecoPOC */ = {
			isa = XCSwiftPackageProductDependency;
			productName = RecoPOC;
		};
/* End XCSwiftPackageProductDependency section */
	};
	rootObject = 46F249095300FB3A7C7EEA22 /* Project object */;
}
